Microsoft Visual Studio Solution File, Format Version 12.00
# Visual Studio Version 17
VisualStudioVersion = 17.9.34701.34
MinimumVisualStudioVersion = 10.0.40219.1
Project("{9A19103F-16F7-4668-BE54-9A1E7A4F7556}") = "winformsForPractice2", "winformsForPractice2.csproj", "{F84C8844-1E99-4D34-AB8D-CE3F439BCA6D}"
EndProject
Project("{9A19103F-16F7-4668-BE54-9A1E7A4F7556}") = "LibForPracticeMine", "..\LibForPracticeMine\LibForPracticeMine.csproj", "{946F8781-E339-4967-95A8-C63ABCF32C69}"
EndProject
Global
	GlobalSection(SolutionConfigurationPlatforms) = preSolution
		Debug|Any CPU = Debug|Any CPU
		Release|Any CPU = Release|Any CPU
	EndGlobalSection
	GlobalSection(ProjectConfigurationPlatforms) = postSolution
		{F84C8844-1E99-4D34-AB8D-CE3F439BCA6D}.Debug|Any CPU.ActiveCfg = Debug|Any CPU
		{F84C8844-1E99-4D34-AB8D-CE3F439BCA6D}.Debug|Any CPU.Build.0 = Debug|Any CPU
		{F84C8844-1E99-4D34-AB8D-CE3F439BCA6D}.Release|Any CPU.ActiveCfg = Release|Any CPU
		{F84C8844-1E99-4D34-AB8D-CE3F439BCA6D}.Release|Any CPU.Build.0 = Release|Any CPU
		{946F8781-E339-4967-95A8-C63ABCF32C69}.Debug|Any CPU.ActiveCfg = Debug|Any CPU
		{946F8781-E339-4967-95A8-C63ABCF32C69}.Debug|Any CPU.Build.0 = Debug|Any CPU
		{946F8781-E339-4967-95A8-C63ABCF32C69}.Release|Any CPU.ActiveCfg = Release|Any CPU
		{946F8781-E339-4967-95A8-C63ABCF32C69}.Release|Any CPU.Build.0 = Release|Any CPU
	EndGlobalSection
	GlobalSection(SolutionProperties) = preSolution
		HideSolutionNode = FALSE
	EndGlobalSection
	GlobalSection(ExtensibilityGlobals) = postSolution
		SolutionGuid = {734A59C1-A84D-4A48-885C-DB7C9A02CEB1}
	EndGlobalSection
EndGlobal
